
Microsoft Visual Studio Solution File, Format Version 12.00
# Visual Studio Version 17
VisualStudioVersion = 17.0.31903.59
MinimumVisualStudioVersion = 10.0.40219.1
Project("{2150E333-8FDC-42A3-9474-1A3956D46DE8}") = "src", "src", "{827E0CD3-B72D-47B6-A68D-7590B98EB39B}"
EndProject
Project("{FAE04EC0-301F-11D3-BF4B-00C04F79EFBC}") = "CRM.Domain", "src\CRM.Domain\CRM.Domain.csproj", "{7DDAAA2C-C985-441C-AADF-8D8478B0C747}"
EndProject
Project("{FAE04EC0-301F-11D3-BF4B-00C04F79EFBC}") = "CRM.Infrastructure", "src\CRM.Infrastructure\CRM.Infrastructure.csproj", "{E6523BFC-5100-466A-974A-5CF8C22A46AA}"
EndProject
Project("{FAE04EC0-301F-11D3-BF4B-00C04F79EFBC}") = "CRM.WebApi", "src\CRM.WebApi\CRM.WebApi.csproj", "{B864BF5A-D2E6-46A4-84BB-66224543DCE4}"
EndProject
Project("{2150E333-8FDC-42A3-9474-1A3956D46DE8}") = "tests", "tests", "{0AB3BF05-4346-4AA6-1389-037BE0695223}"
EndProject
Project("{FAE04EC0-301F-11D3-BF4B-00C04F79EFBC}") = "CRM.UnitTests", "tests\CRM.UnitTests\CRM.UnitTests.csproj", "{E91CBB15-8A41-4392-BAEE-BD43568DDEA6}"
EndProject
Project("{FAE04EC0-301F-11D3-BF4B-00C04F79EFBC}") = "CRM.IntegrationTests", "tests\CRM.IntegrationTests\CRM.IntegrationTests.csproj", "{997A272A-FE18-4DB2-AED4-9E5AADEBFC3F}"
EndProject
Project("{FAE04EC0-301F-11D3-BF4B-00C04F79EFBC}") = "CRM.Application", "src\CRM.Application\CRM.Application.csproj", "{E9FE04E3-9BAA-4930-AB2B-4055ABBF42DD}"
EndProject
Global
	GlobalSection(SolutionConfigurationPlatforms) = preSolution
		Debug|Any CPU = Debug|Any CPU
		Debug|x64 = Debug|x64
		Debug|x86 = Debug|x86
		Release|Any CPU = Release|Any CPU
		Release|x64 = Release|x64
		Release|x86 = Release|x86
	EndGlobalSection
	GlobalSection(ProjectConfigurationPlatforms) = postSolution
		{7DDAAA2C-C985-441C-AADF-8D8478B0C747}.Debug|Any CPU.ActiveCfg = Debug|Any CPU
		{7DDAAA2C-C985-441C-AADF-8D8478B0C747}.Debug|Any CPU.Build.0 = Debug|Any CPU
		{7DDAAA2C-C985-441C-AADF-8D8478B0C747}.Debug|x64.ActiveCfg = Debug|Any CPU
		{7DDAAA2C-C985-441C-AADF-8D8478B0C747}.Debug|x64.Build.0 = Debug|Any CPU
		{7DDAAA2C-C985-441C-AADF-8D8478B0C747}.Debug|x86.ActiveCfg = Debug|Any CPU
		{7DDAAA2C-C985-441C-AADF-8D8478B0C747}.Debug|x86.Build.0 = Debug|Any CPU
		{7DDAAA2C-C985-441C-AADF-8D8478B0C747}.Release|Any CPU.ActiveCfg = Release|Any CPU
		{7DDAAA2C-C985-441C-AADF-8D8478B0C747}.Release|Any CPU.Build.0 = Release|Any CPU
		{7DDAAA2C-C985-441C-AADF-8D8478B0C747}.Release|x64.ActiveCfg = Release|Any CPU
		{7DDAAA2C-C985-441C-AADF-8D8478B0C747}.Release|x64.Build.0 = Release|Any CPU
		{7DDAAA2C-C985-441C-AADF-8D8478B0C747}.Release|x86.ActiveCfg = Release|Any CPU
		{7DDAAA2C-C985-441C-AADF-8D8478B0C747}.Release|x86.Build.0 = Release|Any CPU
		{E6523BFC-5100-466A-974A-5CF8C22A46AA}.Debug|Any CPU.ActiveCfg = Debug|Any CPU
		{E6523BFC-5100-466A-974A-5CF8C22A46AA}.Debug|Any CPU.Build.0 = Debug|Any CPU
		{E6523BFC-5100-466A-974A-5CF8C22A46AA}.Debug|x64.ActiveCfg = Debug|Any CPU
		{E6523BFC-5100-466A-974A-5CF8C22A46AA}.Debug|x64.Build.0 = Debug|Any CPU
		{E6523BFC-5100-466A-974A-5CF8C22A46AA}.Debug|x86.ActiveCfg = Debug|Any CPU
		{E6523BFC-5100-466A-974A-5CF8C22A46AA}.Debug|x86.Build.0 = Debug|Any CPU
		{E6523BFC-5100-466A-974A-5CF8C22A46AA}.Release|Any CPU.ActiveCfg = Release|Any CPU
		{E6523BFC-5100-466A-974A-5CF8C22A46AA}.Release|Any CPU.Build.0 = Release|Any CPU
		{E6523BFC-5100-466A-974A-5CF8C22A46AA}.Release|x64.ActiveCfg = Release|Any CPU
		{E6523BFC-5100-466A-974A-5CF8C22A46AA}.Release|x64.Build.0 = Release|Any CPU
		{E6523BFC-5100-466A-974A-5CF8C22A46AA}.Release|x86.ActiveCfg = Release|Any CPU
		{E6523BFC-5100-466A-974A-5CF8C22A46AA}.Release|x86.Build.0 = Release|Any CPU
		{B864BF5A-D2E6-46A4-84BB-66224543DCE4}.Debug|Any CPU.ActiveCfg = Debug|Any CPU
		{B864BF5A-D2E6-46A4-84BB-66224543DCE4}.Debug|Any CPU.Build.0 = Debug|Any CPU
		{B864BF5A-D2E6-46A4-84BB-66224543DCE4}.Debug|x64.ActiveCfg = Debug|Any CPU
		{B864BF5A-D2E6-46A4-84BB-66224543DCE4}.Debug|x64.Build.0 = Debug|Any CPU
		{B864BF5A-D2E6-46A4-84BB-66224543DCE4}.Debug|x86.ActiveCfg = Debug|Any CPU
		{B864BF5A-D2E6-46A4-84BB-66224543DCE4}.Debug|x86.Build.0 = Debug|Any CPU
		{B864BF5A-D2E6-46A4-84BB-66224543DCE4}.Release|Any CPU.ActiveCfg = Release|Any CPU
		{B864BF5A-D2E6-46A4-84BB-66224543DCE4}.Release|Any CPU.Build.0 = Release|Any CPU
		{B864BF5A-D2E6-46A4-84BB-66224543DCE4}.Release|x64.ActiveCfg = Release|Any CPU
		{B864BF5A-D2E6-46A4-84BB-66224543DCE4}.Release|x64.Build.0 = Release|Any CPU
		{B864BF5A-D2E6-46A4-84BB-66224543DCE4}.Release|x86.ActiveCfg = Release|Any CPU
		{B864BF5A-D2E6-46A4-84BB-66224543DCE4}.Release|x86.Build.0 = Release|Any CPU
		{E91CBB15-8A41-4392-BAEE-BD43568DDEA6}.Debug|Any CPU.ActiveCfg = Debug|Any CPU
		{E91CBB15-8A41-4392-BAEE-BD43568DDEA6}.Debug|Any CPU.Build.0 = Debug|Any CPU
		{E91CBB15-8A41-4392-BAEE-BD43568DDEA6}.Debug|x64.ActiveCfg = Debug|Any CPU
		{E91CBB15-8A41-4392-BAEE-BD43568DDEA6}.Debug|x64.Build.0 = Debug|Any CPU
		{E91CBB15-8A41-4392-BAEE-BD43568DDEA6}.Debug|x86.ActiveCfg = Debug|Any CPU
		{E91CBB15-8A41-4392-BAEE-BD43568DDEA6}.Debug|x86.Build.0 = Debug|Any CPU
		{E91CBB15-8A41-4392-BAEE-BD43568DDEA6}.Release|Any CPU.ActiveCfg = Release|Any CPU
		{E91CBB15-8A41-4392-BAEE-BD43568DDEA6}.Release|Any CPU.Build.0 = Release|Any CPU
		{E91CBB15-8A41-4392-BAEE-BD43568DDEA6}.Release|x64.ActiveCfg = Release|Any CPU
		{E91CBB15-8A41-4392-BAEE-BD43568DDEA6}.Release|x64.Build.0 = Release|Any CPU
		{E91CBB15-8A41-4392-BAEE-BD43568DDEA6}.Release|x86.ActiveCfg = Release|Any CPU
		{E91CBB15-8A41-4392-BAEE-BD43568DDEA6}.Release|x86.Build.0 = Release|Any CPU
		{997A272A-FE18-4DB2-AED4-9E5AADEBFC3F}.Debug|Any CPU.ActiveCfg = Debug|Any CPU
		{997A272A-FE18-4DB2-AED4-9E5AADEBFC3F}.Debug|Any CPU.Build.0 = Debug|Any CPU
		{997A272A-FE18-4DB2-AED4-9E5AADEBFC3F}.Debug|x64.ActiveCfg = Debug|Any CPU
		{997A272A-FE18-4DB2-AED4-9E5AADEBFC3F}.Debug|x64.Build.0 = Debug|Any CPU
		{997A272A-FE18-4DB2-AED4-9E5AADEBFC3F}.Debug|x86.ActiveCfg = Debug|Any CPU
		{997A272A-FE18-4DB2-AED4-9E5AADEBFC3F}.Debug|x86.Build.0 = Debug|Any CPU
		{997A272A-FE18-4DB2-AED4-9E5AADEBFC3F}.Release|Any CPU.ActiveCfg = Release|Any CPU
		{997A272A-FE18-4DB2-AED4-9E5AADEBFC3F}.Release|Any CPU.Build.0 = Release|Any CPU
		{997A272A-FE18-4DB2-AED4-9E5AADEBFC3F}.Release|x64.ActiveCfg = Release|Any CPU
		{997A272A-FE18-4DB2-AED4-9E5AADEBFC3F}.Release|x64.Build.0 = Release|Any CPU
		{997A272A-FE18-4DB2-AED4-9E5AADEBFC3F}.Release|x86.ActiveCfg = Release|Any CPU
		{997A272A-FE18-4DB2-AED4-9E5AADEBFC3F}.Release|x86.Build.0 = Release|Any CPU
		{E9FE04E3-9BAA-4930-AB2B-4055ABBF42DD}.Debug|Any CPU.ActiveCfg = Debug|Any CPU
		{E9FE04E3-9BAA-4930-AB2B-4055ABBF42DD}.Debug|Any CPU.Build.0 = Debug|Any CPU
		{E9FE04E3-9BAA-4930-AB2B-4055ABBF42DD}.Debug|x64.ActiveCfg = Debug|Any CPU
		{E9FE04E3-9BAA-4930-AB2B-4055ABBF42DD}.Debug|x64.Build.0 = Debug|Any CPU
		{E9FE04E3-9BAA-4930-AB2B-4055ABBF42DD}.Debug|x86.ActiveCfg = Debug|Any CPU
		{E9FE04E3-9BAA-4930-AB2B-4055ABBF42DD}.Debug|x86.Build.0 = Debug|Any CPU
		{E9FE04E3-9BAA-4930-AB2B-4055ABBF42DD}.Release|Any CPU.ActiveCfg = Release|Any CPU
		{E9FE04E3-9BAA-4930-AB2B-4055ABBF42DD}.Release|Any CPU.Build.0 = Release|Any CPU
		{E9FE04E3-9BAA-4930-AB2B-4055ABBF42DD}.Release|x64.ActiveCfg = Release|Any CPU
		{E9FE04E3-9BAA-4930-AB2B-4055ABBF42DD}.Release|x64.Build.0 = Release|Any CPU
		{E9FE04E3-9BAA-4930-AB2B-4055ABBF42DD}.Release|x86.ActiveCfg = Release|Any CPU
		{E9FE04E3-9BAA-4930-AB2B-4055ABBF42DD}.Release|x86.Build.0 = Release|Any CPU
	EndGlobalSection
	GlobalSection(SolutionProperties) = preSolution
		HideSolutionNode = FALSE
	EndGlobalSection
	GlobalSection(NestedProjects) = preSolution
		{7DDAAA2C-C985-441C-AADF-8D8478B0C747} = {827E0CD3-B72D-47B6-A68D-7590B98EB39B}
		{E6523BFC-5100-466A-974A-5CF8C22A46AA} = {827E0CD3-B72D-47B6-A68D-7590B98EB39B}
		{B864BF5A-D2E6-46A4-84BB-66224543DCE4} = {827E0CD3-B72D-47B6-A68D-7590B98EB39B}
		{E91CBB15-8A41-4392-BAEE-BD43568DDEA6} = {0AB3BF05-4346-4AA6-1389-037BE0695223}
		{997A272A-FE18-4DB2-AED4-9E5AADEBFC3F} = {0AB3BF05-4346-4AA6-1389-037BE0695223}
		{E9FE04E3-9BAA-4930-AB2B-4055ABBF42DD} = {827E0CD3-B72D-47B6-A68D-7590B98EB39B}
	EndGlobalSection
EndGlobal
